// !$*UTF8*$!
{
	archiveVersion = 1;
	classes = {
	};
	objectVersion = 50;
	objects = {

/* Begin PBXBuildFile section */
		2036777F252CE1A6004BEC8C /* EmployeeTableViewCell.swift in Sources */ = {isa = PBXBuildFile; fileRef = 2036777E252CE1A6004BEC8C /* EmployeeTableViewCell.swift */; };
		20367784252CE517004BEC8C /* HomeBusinessLogic.swift in Sources */ = {isa = PBXBuildFile; fileRef = 20367783252CE517004BEC8C /* HomeBusinessLogic.swift */; };
		20367789252CE5E2004BEC8C /* EmployeeModel.swift in Sources */ = {isa = PBXBuildFile; fileRef = 20367788252CE5E2004BEC8C /* EmployeeModel.swift */; };
		20367790252CF115004BEC8C /* EmployeeCellViewModel.swift in Sources */ = {isa = PBXBuildFile; fileRef = 2036778F252CF115004BEC8C /* EmployeeCellViewModel.swift */; };
		20367795252CFD7D004BEC8C /* HomeViewModelTests.swift in Sources */ = {isa = PBXBuildFile; fileRef = 20367794252CFD7C004BEC8C /* HomeViewModelTests.swift */; };
		2036779D252D0F24004BEC8C /* StubResponse.swift in Sources */ = {isa = PBXBuildFile; fileRef = 2036779C252D0F24004BEC8C /* StubResponse.swift */; };
		20A332AC23F353CF0076CA4B /* AppDelegate.swift in Sources */ = {isa = PBXBuildFile; fileRef = 20A332AB23F353CF0076CA4B /* AppDelegate.swift */; };
		20A332AE23F353CF0076CA4B /* SceneDelegate.swift in Sources */ = {isa = PBXBuildFile; fileRef = 20A332AD23F353CF0076CA4B /* SceneDelegate.swift */; };
		20A332B323F353CF0076CA4B /* Main.storyboard in Resources */ = {isa = PBXBuildFile; fileRef = 20A332B123F353CF0076CA4B /* Main.storyboard */; };
		20A332B523F353DD0076CA4B /* Assets.xcassets in Resources */ = {isa = PBXBuildFile; fileRef = 20A332B423F353DD0076CA4B /* Assets.xcassets */; };
		20A332B823F353DD0076CA4B /* LaunchScreen.storyboard in Resources */ = {isa = PBXBuildFile; fileRef = 20A332B623F353DD0076CA4B /* LaunchScreen.storyboard */; };
		20A332CE23F353DF0076CA4B /* MVVMTemplateUITests.swift in Sources */ = {isa = PBXBuildFile; fileRef = 20A332CD23F353DF0076CA4B /* MVVMTemplateUITests.swift */; };
		20F1736D25291F460073B1C7 /* HomeViewController.swift in Sources */ = {isa = PBXBuildFile; fileRef = 20F1736C25291F460073B1C7 /* HomeViewController.swift */; };
		20F1737525291FB60073B1C7 /* HomeViewModel.swift in Sources */ = {isa = PBXBuildFile; fileRef = 20F1737425291FB60073B1C7 /* HomeViewModel.swift */; };
		20F1737C252920110073B1C7 /* NetworkConstants.swift in Sources */ = {isa = PBXBuildFile; fileRef = 20F1737B252920110073B1C7 /* NetworkConstants.swift */; };
		20F17384252920270073B1C7 /* HTTPService.swift in Sources */ = {isa = PBXBuildFile; fileRef = 20F17383252920270073B1C7 /* HTTPService.swift */; };
		20F17389252920380073B1C7 /* HTTPRequest.swift in Sources */ = {isa = PBXBuildFile; fileRef = 20F17388252920380073B1C7 /* HTTPRequest.swift */; };
		20F1738E252921730073B1C7 /* Enviorment.swift in Sources */ = {isa = PBXBuildFile; fileRef = 20F1738D252921730073B1C7 /* Enviorment.swift */; };
/* End PBXBuildFile section */

/* Begin PBXContainerItemProxy section */
		20A332BF23F353DE0076CA4B /* PBXContainerItemProxy */ = {
			isa = PBXContainerItemProxy;
			containerPortal = 20A332A023F353CF0076CA4B /* Project object */;
			proxyType = 1;
			remoteGlobalIDString = 20A332A723F353CF0076CA4B;
			remoteInfo = MVVMTemplate;
		};
		20A332CA23F353DE0076CA4B /* PBXContainerItemProxy */ = {
			isa = PBXContainerItemProxy;
			containerPortal = 20A332A023F353CF0076CA4B /* Project object */;
			proxyType = 1;
			remoteGlobalIDString = 20A332A723F353CF0076CA4B;
			remoteInfo = MVVMTemplate;
		};
/* End PBXContainerItemProxy section */

/* Begin PBXFileReference section */
		20367778252BCEC0004BEC8C /* ConfigDev.xcconfig */ = {isa = PBXFileReference; lastKnownFileType = text.xcconfig; path = ConfigDev.xcconfig; sourceTree = "<group>"; };
		20367779252BCED9004BEC8C /* ConfigUat.xcconfig */ = {isa = PBXFileReference; lastKnownFileType = text.xcconfig; path = ConfigUat.xcconfig; sourceTree = "<group>"; };
		2036777A252BCEEC004BEC8C /* ConfigProd.xcconfig */ = {isa = PBXFileReference; lastKnownFileType = text.xcconfig; path = ConfigProd.xcconfig; sourceTree = "<group>"; };
		2036777E252CE1A6004BEC8C /* EmployeeTableViewCell.swift */ = {isa = PBXFileReference; lastKnownFileType = sourcecode.swift; path = EmployeeTableViewCell.swift; sourceTree = "<group>"; };
		20367783252CE517004BEC8C /* HomeBusinessLogic.swift */ = {isa = PBXFileReference; lastKnownFileType = sourcecode.swift; path = HomeBusinessLogic.swift; sourceTree = "<group>"; };
		20367788252CE5E2004BEC8C /* EmployeeModel.swift */ = {isa = PBXFileReference; lastKnownFileType = sourcecode.swift; path = EmployeeModel.swift; sourceTree = "<group>"; };
		2036778F252CF115004BEC8C /* EmployeeCellViewModel.swift */ = {isa = PBXFileReference; lastKnownFileType = sourcecode.swift; path = EmployeeCellViewModel.swift; sourceTree = "<group>"; };
		20367794252CFD7C004BEC8C /* HomeViewModelTests.swift */ = {isa = PBXFileReference; lastKnownFileType = sourcecode.swift; path = HomeViewModelTests.swift; sourceTree = "<group>"; };
		2036779C252D0F24004BEC8C /* StubResponse.swift */ = {isa = PBXFileReference; lastKnownFileType = sourcecode.swift; path = StubResponse.swift; sourceTree = "<group>"; };
		20A332A823F353CF0076CA4B /* MVVMTemplate.app */ = {isa = PBXFileReference; explicitFileType = wrapper.application; includeInIndex = 0; path = MVVMTemplate.app; sourceTree = BUILT_PRODUCTS_DIR; };
		20A332AB23F353CF0076CA4B /* AppDelegate.swift */ = {isa = PBXFileReference; lastKnownFileType = sourcecode.swift; path = AppDelegate.swift; sourceTree = "<group>"; };
		20A332AD23F353CF0076CA4B /* SceneDelegate.swift */ = {isa = PBXFileReference; lastKnownFileType = sourcecode.swift; path = SceneDelegate.swift; sourceTree = "<group>"; };
		20A332B223F353CF0076CA4B /* Base */ = {isa = PBXFileReference; lastKnownFileType = file.storyboard; name = Base; path = Base.lproj/Main.storyboard; sourceTree = "<group>"; };
		20A332B423F353DD0076CA4B /* Assets.xcassets */ = {isa = PBXFileReference; lastKnownFileType = folder.assetcatalog; path = Assets.xcassets; sourceTree = "<group>"; };
		20A332B723F353DD0076CA4B /* Base */ = {isa = PBXFileReference; lastKnownFileType = file.storyboard; name = Base; path = Base.lproj/LaunchScreen.storyboard; sourceTree = "<group>"; };
		20A332B923F353DD0076CA4B /* Info.plist */ = {isa = PBXFileReference; lastKnownFileType = text.plist.xml; path = Info.plist; sourceTree = "<group>"; };
		20A332BE23F353DE0076CA4B /* MVVMTemplateTests.xctest */ = {isa = PBXFileReference; explicitFileType = wrapper.cfbundle; includeInIndex = 0; path = MVVMTemplateTests.xctest; sourceTree = BUILT_PRODUCTS_DIR; };
		20A332C423F353DE0076CA4B /* Info.plist */ = {isa = PBXFileReference; lastKnownFileType = text.plist.xml; path = Info.plist; sourceTree = "<group>"; };
		20A332C923F353DE0076CA4B /* MVVMTemplateUITests.xctest */ = {isa = PBXFileReference; explicitFileType = wrapper.cfbundle; includeInIndex = 0; path = MVVMTemplateUITests.xctest; sourceTree = BUILT_PRODUCTS_DIR; };
		20A332CD23F353DF0076CA4B /* MVVMTemplateUITests.swift */ = {isa = PBXFileReference; lastKnownFileType = sourcecode.swift; path = MVVMTemplateUITests.swift; sourceTree = "<group>"; };
		20A332CF23F353DF0076CA4B /* Info.plist */ = {isa = PBXFileReference; lastKnownFileType = text.plist.xml; path = Info.plist; sourceTree = "<group>"; };
		20F1736C25291F460073B1C7 /* HomeViewController.swift */ = {isa = PBXFileReference; lastKnownFileType = sourcecode.swift; path = HomeViewController.swift; sourceTree = "<group>"; };
		20F1737425291FB60073B1C7 /* HomeViewModel.swift */ = {isa = PBXFileReference; lastKnownFileType = sourcecode.swift; path = HomeViewModel.swift; sourceTree = "<group>"; };
		20F1737B252920110073B1C7 /* NetworkConstants.swift */ = {isa = PBXFileReference; lastKnownFileType = sourcecode.swift; path = NetworkConstants.swift; sourceTree = "<group>"; };
		20F17383252920270073B1C7 /* HTTPService.swift */ = {isa = PBXFileReference; lastKnownFileType = sourcecode.swift; path = HTTPService.swift; sourceTree = "<group>"; };
		20F17388252920380073B1C7 /* HTTPRequest.swift */ = {isa = PBXFileReference; lastKnownFileType = sourcecode.swift; path = HTTPRequest.swift; sourceTree = "<group>"; };
		20F1738D252921730073B1C7 /* Enviorment.swift */ = {isa = PBXFileReference; lastKnownFileType = sourcecode.swift; path = Enviorment.swift; sourceTree = "<group>"; };
/* End PBXFileReference section */

/* Begin PBXFrameworksBuildPhase section */
		20A332A523F353CF0076CA4B /* Frameworks */ = {
			isa = PBXFrameworksBuildPhase;
			buildActionMask = 2147483647;
			files = (
			);
			runOnlyForDeploymentPostprocessing = 0;
		};
		20A332BB23F353DE0076CA4B /* Frameworks */ = {
			isa = PBXFrameworksBuildPhase;
			buildActionMask = 2147483647;
			files = (
			);
			runOnlyForDeploymentPostprocessing = 0;
		};
		20A332C623F353DE0076CA4B /* Frameworks */ = {
			isa = PBXFrameworksBuildPhase;
			buildActionMask = 2147483647;
			files = (
			);
			runOnlyForDeploymentPostprocessing = 0;
		};
/* End PBXFrameworksBuildPhase section */

/* Begin PBXGroup section */
		20367777252BCE70004BEC8C /* Config */ = {
			isa = PBXGroup;
			children = (
				20367778252BCEC0004BEC8C /* ConfigDev.xcconfig */,
				20367779252BCED9004BEC8C /* ConfigUat.xcconfig */,
				2036777A252BCEEC004BEC8C /* ConfigProd.xcconfig */,
			);
			path = Config;
			sourceTree = "<group>";
		};
		20A3329F23F353CF0076CA4B = {
			isa = PBXGroup;
			children = (
				20A332AA23F353CF0076CA4B /* MVVMTemplate */,
				20A332C123F353DE0076CA4B /* MVVMTemplateTests */,
				20A332CC23F353DE0076CA4B /* MVVMTemplateUITests */,
				20A332A923F353CF0076CA4B /* Products */,
			);
			sourceTree = "<group>";
		};
		20A332A923F353CF0076CA4B /* Products */ = {
			isa = PBXGroup;
			children = (
				20A332A823F353CF0076CA4B /* MVVMTemplate.app */,
				20A332BE23F353DE0076CA4B /* MVVMTemplateTests.xctest */,
				20A332C923F353DE0076CA4B /* MVVMTemplateUITests.xctest */,
			);
			name = Products;
			sourceTree = "<group>";
		};
		20A332AA23F353CF0076CA4B /* MVVMTemplate */ = {
			isa = PBXGroup;
			children = (
				20F1736925291DDE0073B1C7 /* Model */,
				20F1736525291DD70073B1C7 /* View */,
				20F1736425291DC70073B1C7 /* ViewModel */,
				20F1736A25291DF80073B1C7 /* Networking */,
				20F1736325291DBC0073B1C7 /* Resources */,
			);
			path = MVVMTemplate;
			sourceTree = "<group>";
		};
		20A332C123F353DE0076CA4B /* MVVMTemplateTests */ = {
			isa = PBXGroup;
			children = (
				20A332C423F353DE0076CA4B /* Info.plist */,
				20367794252CFD7C004BEC8C /* HomeViewModelTests.swift */,
				2036779C252D0F24004BEC8C /* StubResponse.swift */,
			);
			path = MVVMTemplateTests;
			sourceTree = "<group>";
		};
		20A332CC23F353DE0076CA4B /* MVVMTemplateUITests */ = {
			isa = PBXGroup;
			children = (
				20A332CD23F353DF0076CA4B /* MVVMTemplateUITests.swift */,
				20A332CF23F353DF0076CA4B /* Info.plist */,
			);
			path = MVVMTemplateUITests;
			sourceTree = "<group>";
		};
		20F1736325291DBC0073B1C7 /* Resources */ = {
			isa = PBXGroup;
			children = (
				20367777252BCE70004BEC8C /* Config */,
				20A332B923F353DD0076CA4B /* Info.plist */,
				20A332B423F353DD0076CA4B /* Assets.xcassets */,
				20A332AB23F353CF0076CA4B /* AppDelegate.swift */,
				20A332AD23F353CF0076CA4B /* SceneDelegate.swift */,
				20F1736B25291E0C0073B1C7 /* StoryBoards */,
				20F1738D252921730073B1C7 /* Enviorment.swift */,
			);
			path = Resources;
			sourceTree = "<group>";
		};
		20F1736425291DC70073B1C7 /* ViewModel */ = {
			isa = PBXGroup;
			children = (
				20F1737425291FB60073B1C7 /* HomeViewModel.swift */,
				2036778F252CF115004BEC8C /* EmployeeCellViewModel.swift */,
			);
			path = ViewModel;
			sourceTree = "<group>";
		};
		20F1736525291DD70073B1C7 /* View */ = {
			isa = PBXGroup;
			children = (
				20F1736C25291F460073B1C7 /* HomeViewController.swift */,
				2036777E252CE1A6004BEC8C /* EmployeeTableViewCell.swift */,
			);
			path = View;
			sourceTree = "<group>";
		};
		20F1736925291DDE0073B1C7 /* Model */ = {
			isa = PBXGroup;
			children = (
				20367788252CE5E2004BEC8C /* EmployeeModel.swift */,
			);
			path = Model;
			sourceTree = "<group>";
		};
		20F1736A25291DF80073B1C7 /* Networking */ = {
			isa = PBXGroup;
			children = (
				20F1737A25291FE70073B1C7 /* Service */,
				20F1737925291FDF0073B1C7 /* BusinessLogic */,
			);
			path = Networking;
			sourceTree = "<group>";
		};
		20F1736B25291E0C0073B1C7 /* StoryBoards */ = {
			isa = PBXGroup;
			children = (
				20A332B123F353CF0076CA4B /* Main.storyboard */,
				20A332B623F353DD0076CA4B /* LaunchScreen.storyboard */,
			);
			path = StoryBoards;
			sourceTree = "<group>";
		};
		20F1737925291FDF0073B1C7 /* BusinessLogic */ = {
			isa = PBXGroup;
			children = (
				20367783252CE517004BEC8C /* HomeBusinessLogic.swift */,
			);
			path = BusinessLogic;
			sourceTree = "<group>";
		};
		20F1737A25291FE70073B1C7 /* Service */ = {
			isa = PBXGroup;
			children = (
				20F1737B252920110073B1C7 /* NetworkConstants.swift */,
				20F17383252920270073B1C7 /* HTTPService.swift */,
				20F17388252920380073B1C7 /* HTTPRequest.swift */,
			);
			path = Service;
			sourceTree = "<group>";
		};
/* End PBXGroup section */

/* Begin PBXNativeTarget section */
		20A332A723F353CF0076CA4B /* MVVMTemplate */ = {
			isa = PBXNativeTarget;
			buildConfigurationList = 20A332D223F353DF0076CA4B /* Build configuration list for PBXNativeTarget "MVVMTemplate" */;
			buildPhases = (
				20A332A423F353CF0076CA4B /* Sources */,
				20A332A523F353CF0076CA4B /* Frameworks */,
				20A332A623F353CF0076CA4B /* Resources */,
			);
			buildRules = (
			);
			dependencies = (
			);
			name = MVVMTemplate;
			productName = MVVMTemplate;
			productReference = 20A332A823F353CF0076CA4B /* MVVMTemplate.app */;
			productType = "com.apple.product-type.application";
		};
		20A332BD23F353DE0076CA4B /* MVVMTemplateTests */ = {
			isa = PBXNativeTarget;
			buildConfigurationList = 20A332D523F353DF0076CA4B /* Build configuration list for PBXNativeTarget "MVVMTemplateTests" */;
			buildPhases = (
				20A332BA23F353DE0076CA4B /* Sources */,
				20A332BB23F353DE0076CA4B /* Frameworks */,
				20A332BC23F353DE0076CA4B /* Resources */,
			);
			buildRules = (
			);
			dependencies = (
				20A332C023F353DE0076CA4B /* PBXTargetDependency */,
			);
			name = MVVMTemplateTests;
			productName = MVVMTemplateTests;
			productReference = 20A332BE23F353DE0076CA4B /* MVVMTemplateTests.xctest */;
			productType = "com.apple.product-type.bundle.unit-test";
		};
		20A332C823F353DE0076CA4B /* MVVMTemplateUITests */ = {
			isa = PBXNativeTarget;
			buildConfigurationList = 20A332D823F353DF0076CA4B /* Build configuration list for PBXNativeTarget "MVVMTemplateUITests" */;
			buildPhases = (
				20A332C523F353DE0076CA4B /* Sources */,
				20A332C623F353DE0076CA4B /* Frameworks */,
				20A332C723F353DE0076CA4B /* Resources */,
			);
			buildRules = (
			);
			dependencies = (
				20A332CB23F353DE0076CA4B /* PBXTargetDependency */,
			);
			name = MVVMTemplateUITests;
			productName = MVVMTemplateUITests;
			productReference = 20A332C923F353DE0076CA4B /* MVVMTemplateUITests.xctest */;
			productType = "com.apple.product-type.bundle.ui-testing";
		};
/* End PBXNativeTarget section */

/* Begin PBXProject section */
		20A332A023F353CF0076CA4B /* Project object */ = {
			isa = PBXProject;
			attributes = {
				LastSwiftUpdateCheck = 1130;
				LastUpgradeCheck = 1200;
				ORGANIZATIONNAME = "Bhargav BKS";
				TargetAttributes = {
					20A332A723F353CF0076CA4B = {
						CreatedOnToolsVersion = 11.3.1;
					};
					20A332BD23F353DE0076CA4B = {
						CreatedOnToolsVersion = 11.3.1;
						TestTargetID = 20A332A723F353CF0076CA4B;
					};
					20A332C823F353DE0076CA4B = {
						CreatedOnToolsVersion = 11.3.1;
						TestTargetID = 20A332A723F353CF0076CA4B;
					};
				};
			};
			buildConfigurationList = 20A332A323F353CF0076CA4B /* Build configuration list for PBXProject "MVVMTemplate" */;
			compatibilityVersion = "Xcode 9.3";
			developmentRegion = en;
			hasScannedForEncodings = 0;
			knownRegions = (
				en,
				Base,
			);
			mainGroup = 20A3329F23F353CF0076CA4B;
			productRefGroup = 20A332A923F353CF0076CA4B /* Products */;
			projectDirPath = "";
			projectRoot = "";
			targets = (
				20A332A723F353CF0076CA4B /* MVVMTemplate */,
				20A332BD23F353DE0076CA4B /* MVVMTemplateTests */,
				20A332C823F353DE0076CA4B /* MVVMTemplateUITests */,
			);
		};
/* End PBXProject section */

/* Begin PBXResourcesBuildPhase section */
		20A332A623F353CF0076CA4B /* Resources */ = {
			isa = PBXResourcesBuildPhase;
			buildActionMask = 2147483647;
			files = (
				20A332B823F353DD0076CA4B /* LaunchScreen.storyboard in Resources */,
				20A332B523F353DD0076CA4B /* Assets.xcassets in Resources */,
				20A332B323F353CF0076CA4B /* Main.storyboard in Resources */,
			);
			runOnlyForDeploymentPostprocessing = 0;
		};
		20A332BC23F353DE0076CA4B /* Resources */ = {
			isa = PBXResourcesBuildPhase;
			buildActionMask = 2147483647;
			files = (
			);
			runOnlyForDeploymentPostprocessing = 0;
		};
		20A332C723F353DE0076CA4B /* Resources */ = {
			isa = PBXResourcesBuildPhase;
			buildActionMask = 2147483647;
			files = (
			);
			runOnlyForDeploymentPostprocessing = 0;
		};
/* End PBXResourcesBuildPhase section */

/* Begin PBXSourcesBuildPhase section */
		20A332A423F353CF0076CA4B /* Sources */ = {
			isa = PBXSourcesBuildPhase;
			buildActionMask = 2147483647;
			files = (
				20A332AC23F353CF0076CA4B /* AppDelegate.swift in Sources */,
				20A332AE23F353CF0076CA4B /* SceneDelegate.swift in Sources */,
				20F1738E252921730073B1C7 /* Enviorment.swift in Sources */,
				20367784252CE517004BEC8C /* HomeBusinessLogic.swift in Sources */,
				20F1737C252920110073B1C7 /* NetworkConstants.swift in Sources */,
				20F17384252920270073B1C7 /* HTTPService.swift in Sources */,
				2036777F252CE1A6004BEC8C /* EmployeeTableViewCell.swift in Sources */,
				20F17389252920380073B1C7 /* HTTPRequest.swift in Sources */,
				20F1736D25291F460073B1C7 /* HomeViewController.swift in Sources */,
				20367789252CE5E2004BEC8C /* EmployeeModel.swift in Sources */,
				20367790252CF115004BEC8C /* EmployeeCellViewModel.swift in Sources */,
				20F1737525291FB60073B1C7 /* HomeViewModel.swift in Sources */,
			);
			runOnlyForDeploymentPostprocessing = 0;
		};
		20A332BA23F353DE0076CA4B /* Sources */ = {
			isa = PBXSourcesBuildPhase;
			buildActionMask = 2147483647;
			files = (
				2036779D252D0F24004BEC8C /* StubResponse.swift in Sources */,
				20367795252CFD7D004BEC8C /* HomeViewModelTests.swift in Sources */,
			);
			runOnlyForDeploymentPostprocessing = 0;
		};
		20A332C523F353DE0076CA4B /* Sources */ = {
			isa = PBXSourcesBuildPhase;
			buildActionMask = 2147483647;
			files = (
				20A332CE23F353DF0076CA4B /* MVVMTemplateUITests.swift in Sources */,
			);
			runOnlyForDeploymentPostprocessing = 0;
		};
/* End PBXSourcesBuildPhase section */

/* Begin PBXTargetDependency section */
		20A332C023F353DE0076CA4B /* PBXTargetDependency */ = {
			isa = PBXTargetDependency;
			target = 20A332A723F353CF0076CA4B /* MVVMTemplate */;
			targetProxy = 20A332BF23F353DE0076CA4B /* PBXContainerItemProxy */;
		};
		20A332CB23F353DE0076CA4B /* PBXTargetDependency */ = {
			isa = PBXTargetDependency;
			target = 20A332A723F353CF0076CA4B /* MVVMTemplate */;
			targetProxy = 20A332CA23F353DE0076CA4B /* PBXContainerItemProxy */;
		};
/* End PBXTargetDependency section */

/* Begin PBXVariantGroup section */
		20A332B123F353CF0076CA4B /* Main.storyboard */ = {
			isa = PBXVariantGroup;
			children = (
				20A332B223F353CF0076CA4B /* Base */,
			);
			name = Main.storyboard;
			sourceTree = "<group>";
		};
		20A332B623F353DD0076CA4B /* LaunchScreen.storyboard */ = {
			isa = PBXVariantGroup;
			children = (
				20A332B723F353DD0076CA4B /* Base */,
			);
			name = LaunchScreen.storyboard;
			sourceTree = "<group>";
		};
/* End PBXVariantGroup section */

/* Begin XCBuildConfiguration section */
		207D14FB252A78EC0042B4FC /* Release */ = {
			isa = XCBuildConfiguration;
			buildSettings = {
				ALWAYS_SEARCH_USER_PATHS = NO;
				CLANG_ANALYZER_NONNULL = YES;
				CLANG_ANALYZER_NUMBER_OBJECT_CONVERSION = YES_AGGRESSIVE;
				CLANG_CXX_LANGUAGE_STANDARD = "gnu++14";
				CLANG_CXX_LIBRARY = "libc++";
				CLANG_ENABLE_MODULES = YES;
				CLANG_ENABLE_OBJC_ARC = YES;
				CLANG_ENABLE_OBJC_WEAK = YES;
				CLANG_WARN_BLOCK_CAPTURE_AUTORELEASING = YES;
				CLANG_WARN_BOOL_CONVERSION = YES;
				CLANG_WARN_COMMA = YES;
				CLANG_WARN_CONSTANT_CONVERSION = YES;
				CLANG_WARN_DEPRECATED_OBJC_IMPLEMENTATIONS = YES;
				CLANG_WARN_DIRECT_OBJC_ISA_USAGE = YES_ERROR;
				CLANG_WARN_DOCUMENTATION_COMMENTS = YES;
				CLANG_WARN_EMPTY_BODY = YES;
				CLANG_WARN_ENUM_CONVERSION = YES;
				CLANG_WARN_INFINITE_RECURSION = YES;
				CLANG_WARN_INT_CONVERSION = YES;
				CLANG_WARN_NON_LITERAL_NULL_CONVERSION = YES;
				CLANG_WARN_OBJC_IMPLICIT_RETAIN_SELF = YES;
				CLANG_WARN_OBJC_LITERAL_CONVERSION = YES;
				CLANG_WARN_OBJC_ROOT_CLASS = YES_ERROR;
				CLANG_WARN_QUOTED_INCLUDE_IN_FRAMEWORK_HEADER = YES;
				CLANG_WARN_RANGE_LOOP_ANALYSIS = YES;
				CLANG_WARN_STRICT_PROTOTYPES = YES;
				CLANG_WARN_SUSPICIOUS_MOVE = YES;
				CLANG_WARN_UNGUARDED_AVAILABILITY = YES_AGGRESSIVE;
				CLANG_WARN_UNREACHABLE_CODE = YES;
				CLANG_WARN__DUPLICATE_METHOD_MATCH = YES;
				COPY_PHASE_STRIP = NO;
				DEBUG_INFORMATION_FORMAT = "dwarf-with-dsym";
				ENABLE_NS_ASSERTIONS = NO;
				ENABLE_STRICT_OBJC_MSGSEND = YES;
				GCC_C_LANGUAGE_STANDARD = gnu11;
				GCC_NO_COMMON_BLOCKS = YES;
				GCC_WARN_64_TO_32_BIT_CONVERSION = YES;
				GCC_WARN_ABOUT_RETURN_TYPE = YES_ERROR;
				GCC_WARN_UNDECLARED_SELECTOR = YES;
				GCC_WARN_UNINITIALIZED_AUTOS = YES_AGGRESSIVE;
				GCC_WARN_UNUSED_FUNCTION = YES;
				GCC_WARN_UNUSED_VARIABLE = YES;
				IPHONEOS_DEPLOYMENT_TARGET = 13.2;
				MTL_ENABLE_DEBUG_INFO = NO;
				MTL_FAST_MATH = YES;
				SDKROOT = iphoneos;
				SWIFT_COMPILATION_MODE = wholemodule;
				SWIFT_OPTIMIZATION_LEVEL = "-O";
				VALIDATE_PRODUCT = YES;
			};
			name = Release;
		};
		207D14FC252A78EC0042B4FC /* Release */ = {
			isa = XCBuildConfiguration;
			baseConfigurationReference = 2036777A252BCEEC004BEC8C /* ConfigProd.xcconfig */;
			buildSettings = {
				ASSETCATALOG_COMPILER_APPICON_NAME = AppIconProd;
				CODE_SIGN_STYLE = Automatic;
				INFOPLIST_FILE = MVVMTemplate/Resources/Info.plist;
				LD_RUNPATH_SEARCH_PATHS = (
					"$(inherited)",
					"@executable_path/Frameworks",
				);
				PRODUCT_BUNDLE_IDENTIFIER = com.bhargav.MVVMTemplate;
				PRODUCT_NAME = "$(TARGET_NAME)";
				SWIFT_VERSION = 5.0;
				TARGETED_DEVICE_FAMILY = 1;
			};
			name = Release;
		};
		207D14FD252A78EC0042B4FC /* Release */ = {
			isa = XCBuildConfiguration;
			buildSettings = {
				ALWAYS_EMBED_SWIFT_STANDARD_LIBRARIES = YES;
				BUNDLE_LOADER = "$(TEST_HOST)";
				CODE_SIGN_STYLE = Automatic;
				INFOPLIST_FILE = MVVMTemplateTests/Info.plist;
				IPHONEOS_DEPLOYMENT_TARGET = 13.2;
				LD_RUNPATH_SEARCH_PATHS = (
					"$(inherited)",
					"@executable_path/Frameworks",
					"@loader_path/Frameworks",
				);
				PRODUCT_BUNDLE_IDENTIFIER = com.bhargav.MVVMTemplateTests;
				PRODUCT_NAME = "$(TARGET_NAME)";
				SWIFT_VERSION = 5.0;
				TARGETED_DEVICE_FAMILY = "1,2";
				TEST_HOST = "$(BUILT_PRODUCTS_DIR)/MVVMTemplate.app/MVVMTemplate";
			};
			name = Release;
		};
		207D14FE252A78EC0042B4FC /* Release */ = {
			isa = XCBuildConfiguration;
			buildSettings = {
				ALWAYS_EMBED_SWIFT_STANDARD_LIBRARIES = YES;
				CODE_SIGN_STYLE = Automatic;
				INFOPLIST_FILE = MVVMTemplateUITests/Info.plist;
				LD_RUNPATH_SEARCH_PATHS = (
					"$(inherited)",
					"@executable_path/Frameworks",
					"@loader_path/Frameworks",
				);
				PRODUCT_BUNDLE_IDENTIFIER = com.bhargav.MVVMTemplateUITests;
				PRODUCT_NAME = "$(TARGET_NAME)";
				SWIFT_VERSION = 5.0;
				TARGETED_DEVICE_FAMILY = "1,2";
				TEST_TARGET_NAME = MVVMTemplate;
			};
			name = Release;
		};
		20A332D023F353DF0076CA4B /* DEV */ = {
			isa = XCBuildConfiguration;
			buildSettings = {
				ALWAYS_SEARCH_USER_PATHS = NO;
				CLANG_ANALYZER_NONNULL = YES;
				CLANG_ANALYZER_NUMBER_OBJECT_CONVERSION = YES_AGGRESSIVE;
				CLANG_CXX_LANGUAGE_STANDARD = "gnu++14";
				CLANG_CXX_LIBRARY = "libc++";
				CLANG_ENABLE_MODULES = YES;
				CLANG_ENABLE_OBJC_ARC = YES;
				CLANG_ENABLE_OBJC_WEAK = YES;
				CLANG_WARN_BLOCK_CAPTURE_AUTORELEASING = YES;
				CLANG_WARN_BOOL_CONVERSION = YES;
				CLANG_WARN_COMMA = YES;
				CLANG_WARN_CONSTANT_CONVERSION = YES;
				CLANG_WARN_DEPRECATED_OBJC_IMPLEMENTATIONS = YES;
				CLANG_WARN_DIRECT_OBJC_ISA_USAGE = YES_ERROR;
				CLANG_WARN_DOCUMENTATION_COMMENTS = YES;
				CLANG_WARN_EMPTY_BODY = YES;
				CLANG_WARN_ENUM_CONVERSION = YES;
				CLANG_WARN_INFINITE_RECURSION = YES;
				CLANG_WARN_INT_CONVERSION = YES;
				CLANG_WARN_NON_LITERAL_NULL_CONVERSION = YES;
				CLANG_WARN_OBJC_IMPLICIT_RETAIN_SELF = YES;
				CLANG_WARN_OBJC_LITERAL_CONVERSION = YES;
				CLANG_WARN_OBJC_ROOT_CLASS = YES_ERROR;
				CLANG_WARN_QUOTED_INCLUDE_IN_FRAMEWORK_HEADER = YES;
				CLANG_WARN_RANGE_LOOP_ANALYSIS = YES;
				CLANG_WARN_STRICT_PROTOTYPES = YES;
				CLANG_WARN_SUSPICIOUS_MOVE = YES;
				CLANG_WARN_UNGUARDED_AVAILABILITY = YES_AGGRESSIVE;
				CLANG_WARN_UNREACHABLE_CODE = YES;
				CLANG_WARN__DUPLICATE_METHOD_MATCH = YES;
				COPY_PHASE_STRIP = NO;
				DEBUG_INFORMATION_FORMAT = dwarf;
				ENABLE_STRICT_OBJC_MSGSEND = YES;
				ENABLE_TESTABILITY = YES;
				GCC_C_LANGUAGE_STANDARD = gnu11;
				GCC_DYNAMIC_NO_PIC = NO;
				GCC_NO_COMMON_BLOCKS = YES;
				GCC_OPTIMIZATION_LEVEL = 0;
				GCC_PREPROCESSOR_DEFINITIONS = (
					"DEBUG=1",
					"$(inherited)",
				);
				GCC_WARN_64_TO_32_BIT_CONVERSION = YES;
				GCC_WARN_ABOUT_RETURN_TYPE = YES_ERROR;
				GCC_WARN_UNDECLARED_SELECTOR = YES;
				GCC_WARN_UNINITIALIZED_AUTOS = YES_AGGRESSIVE;
				GCC_WARN_UNUSED_FUNCTION = YES;
				GCC_WARN_UNUSED_VARIABLE = YES;
				IPHONEOS_DEPLOYMENT_TARGET = 13.2;
				MTL_ENABLE_DEBUG_INFO = INCLUDE_SOURCE;
				MTL_FAST_MATH = YES;
				ONLY_ACTIVE_ARCH = YES;
				SDKROOT = iphoneos;
				SWIFT_ACTIVE_COMPILATION_CONDITIONS = DEBUG;
				SWIFT_OPTIMIZATION_LEVEL = "-Onone";
			};
			name = DEV;
		};
		20A332D123F353DF0076CA4B /* UAT */ = {
			isa = XCBuildConfiguration;
			buildSettings = {
				ALWAYS_SEARCH_USER_PATHS = NO;
				CLANG_ANALYZER_NONNULL = YES;
				CLANG_ANALYZER_NUMBER_OBJECT_CONVERSION = YES_AGGRESSIVE;
				CLANG_CXX_LANGUAGE_STANDARD = "gnu++14";
				CLANG_CXX_LIBRARY = "libc++";
				CLANG_ENABLE_MODULES = YES;
				CLANG_ENABLE_OBJC_ARC = YES;
				CLANG_ENABLE_OBJC_WEAK = YES;
				CLANG_WARN_BLOCK_CAPTURE_AUTORELEASING = YES;
				CLANG_WARN_BOOL_CONVERSION = YES;
				CLANG_WARN_COMMA = YES;
				CLANG_WARN_CONSTANT_CONVERSION = YES;
				CLANG_WARN_DEPRECATED_OBJC_IMPLEMENTATIONS = YES;
				CLANG_WARN_DIRECT_OBJC_ISA_USAGE = YES_ERROR;
				CLANG_WARN_DOCUMENTATION_COMMENTS = YES;
				CLANG_WARN_EMPTY_BODY = YES;
				CLANG_WARN_ENUM_CONVERSION = YES;
				CLANG_WARN_INFINITE_RECURSION = YES;
				CLANG_WARN_INT_CONVERSION = YES;
				CLANG_WARN_NON_LITERAL_NULL_CONVERSION = YES;
				CLANG_WARN_OBJC_IMPLICIT_RETAIN_SELF = YES;
				CLANG_WARN_OBJC_LITERAL_CONVERSION = YES;
				CLANG_WARN_OBJC_ROOT_CLASS = YES_ERROR;
				CLANG_WARN_QUOTED_INCLUDE_IN_FRAMEWORK_HEADER = YES;
				CLANG_WARN_RANGE_LOOP_ANALYSIS = YES;
				CLANG_WARN_STRICT_PROTOTYPES = YES;
				CLANG_WARN_SUSPICIOUS_MOVE = YES;
				CLANG_WARN_UNGUARDED_AVAILABILITY = YES_AGGRESSIVE;
				CLANG_WARN_UNREACHABLE_CODE = YES;
				CLANG_WARN__DUPLICATE_METHOD_MATCH = YES;
				COPY_PHASE_STRIP = NO;
				DEBUG_INFORMATION_FORMAT = "dwarf-with-dsym";
				ENABLE_NS_ASSERTIONS = NO;
				ENABLE_STRICT_OBJC_MSGSEND = YES;
				GCC_C_LANGUAGE_STANDARD = gnu11;
				GCC_NO_COMMON_BLOCKS = YES;
				GCC_WARN_64_TO_32_BIT_CONVERSION = YES;
				GCC_WARN_ABOUT_RETURN_TYPE = YES_ERROR;
				GCC_WARN_UNDECLARED_SELECTOR = YES;
				GCC_WARN_UNINITIALIZED_AUTOS = YES_AGGRESSIVE;
				GCC_WARN_UNUSED_FUNCTION = YES;
				GCC_WARN_UNUSED_VARIABLE = YES;
				IPHONEOS_DEPLOYMENT_TARGET = 13.2;
				MTL_ENABLE_DEBUG_INFO = NO;
				MTL_FAST_MATH = YES;
				SDKROOT = iphoneos;
				SWIFT_COMPILATION_MODE = wholemodule;
				SWIFT_OPTIMIZATION_LEVEL = "-O";
				VALIDATE_PRODUCT = YES;
			};
			name = UAT;
		};
		20A332D323F353DF0076CA4B /* DEV */ = {
			isa = XCBuildConfiguration;
			baseConfigurationReference = 20367778252BCEC0004BEC8C /* ConfigDev.xcconfig */;
			buildSettings = {
				ASSETCATALOG_COMPILER_APPICON_NAME = AppIconDev;
				CODE_SIGN_STYLE = Automatic;
				INFOPLIST_FILE = MVVMTemplate/Resources/Info.plist;
				LD_RUNPATH_SEARCH_PATHS = (
					"$(inherited)",
					"@executable_path/Frameworks",
				);
				PRODUCT_BUNDLE_IDENTIFIER = com.bhargav.MVVMTemplate.dev;
				PRODUCT_NAME = "$(TARGET_NAME)";
				SWIFT_VERSION = 5.0;
				TARGETED_DEVICE_FAMILY = 1;
			};
			name = DEV;
		};
		20A332D423F353DF0076CA4B /* UAT */ = {
			isa = XCBuildConfiguration;
			baseConfigurationReference = 20367779252BCED9004BEC8C /* ConfigUat.xcconfig */;
			buildSettings = {
				ASSETCATALOG_COMPILER_APPICON_NAME = AppIconUat;
				CODE_SIGN_STYLE = Automatic;
				INFOPLIST_FILE = MVVMTemplate/Resources/Info.plist;
				LD_RUNPATH_SEARCH_PATHS = (
					"$(inherited)",
					"@executable_path/Frameworks",
				);
				PRODUCT_BUNDLE_IDENTIFIER = com.bhargav.MVVMTemplate.uat;
				PRODUCT_NAME = "$(TARGET_NAME)";
				SWIFT_VERSION = 5.0;
				TARGETED_DEVICE_FAMILY = 1;
			};
			name = UAT;
		};
		20A332D623F353DF0076CA4B /* DEV */ = {
			isa = XCBuildConfiguration;
			buildSettings = {
				ALWAYS_EMBED_SWIFT_STANDARD_LIBRARIES = YES;
				BUNDLE_LOADER = "$(TEST_HOST)";
				CODE_SIGN_STYLE = Automatic;
				INFOPLIST_FILE = MVVMTemplateTests/Info.plist;
				IPHONEOS_DEPLOYMENT_TARGET = 13.2;
				LD_RUNPATH_SEARCH_PATHS = (
					"$(inherited)",
					"@executable_path/Frameworks",
					"@loader_path/Frameworks",
				);
				PRODUCT_BUNDLE_IDENTIFIER = com.bhargav.MVVMTemplateTests;
				PRODUCT_NAME = "$(TARGET_NAME)";
				SWIFT_VERSION = 5.0;
				TARGETED_DEVICE_FAMILY = "1,2";
				TEST_HOST = "$(BUILT_PRODUCTS_DIR)/MVVMTemplate.app/MVVMTemplate";
			};
			name = DEV;
		};
		20A332D723F353DF0076CA4B /* UAT */ = {
			isa = XCBuildConfiguration;
			buildSettings = {
				ALWAYS_EMBED_SWIFT_STANDARD_LIBRARIES = YES;
				BUNDLE_LOADER = "$(TEST_HOST)";
				CODE_SIGN_STYLE = Automatic;
				INFOPLIST_FILE = MVVMTemplateTests/Info.plist;
				IPHONEOS_DEPLOYMENT_TARGET = 13.2;
				LD_RUNPATH_SEARCH_PATHS = (
					"$(inherited)",
					"@executable_path/Frameworks",
					"@loader_path/Frameworks",
				);
				PRODUCT_BUNDLE_IDENTIFIER = com.bhargav.MVVMTemplateTests;
				PRODUCT_NAME = "$(TARGET_NAME)";
				SWIFT_VERSION = 5.0;
				TARGETED_DEVICE_FAMILY = "1,2";
				TEST_HOST = "$(BUILT_PRODUCTS_DIR)/MVVMTemplate.app/MVVMTemplate";
			};
			name = UAT;
		};
		20A332D923F353DF0076CA4B /* DEV */ = {
			isa = XCBuildConfiguration;
			buildSettings = {
				ALWAYS_EMBED_SWIFT_STANDARD_LIBRARIES = YES;
				CODE_SIGN_STYLE = Automatic;
				INFOPLIST_FILE = MVVMTemplateUITests/Info.plist;
				LD_RUNPATH_SEARCH_PATHS = (
					"$(inherited)",
					"@executable_path/Frameworks",
					"@loader_path/Frameworks",
				);
				PRODUCT_BUNDLE_IDENTIFIER = com.bhargav.MVVMTemplateUITests;
				PRODUCT_NAME = "$(TARGET_NAME)";
				SWIFT_VERSION = 5.0;
				TARGETED_DEVICE_FAMILY = "1,2";
				TEST_TARGET_NAME = MVVMTemplate;
			};
			name = DEV;
		};
		20A332DA23F353DF0076CA4B /* UAT */ = {
			isa = XCBuildConfiguration;
			buildSettings = {
				ALWAYS_EMBED_SWIFT_STANDARD_LIBRARIES = YES;
				CODE_SIGN_STYLE = Automatic;
				INFOPLIST_FILE = MVVMTemplateUITests/Info.plist;
				LD_RUNPATH_SEARCH_PATHS = (
					"$(inherited)",
					"@executable_path/Frameworks",
					"@loader_path/Frameworks",
				);
				PRODUCT_BUNDLE_IDENTIFIER = com.bhargav.MVVMTemplateUITests;
				PRODUCT_NAME = "$(TARGET_NAME)";
				SWIFT_VERSION = 5.0;
				TARGETED_DEVICE_FAMILY = "1,2";
				TEST_TARGET_NAME = MVVMTemplate;
			};
			name = UAT;
		};
/* End XCBuildConfiguration section */

/* Begin XCConfigurationList section */
		20A332A323F353CF0076CA4B /* Build configuration list for PBXProject "MVVMTemplate" */ = {
			isa = XCConfigurationList;
			buildConfigurations = (
				20A332D023F353DF0076CA4B /* DEV */,
				20A332D123F353DF0076CA4B /* UAT */,
				207D14FB252A78EC0042B4FC /* Release */,
			);
			defaultConfigurationIsVisible = 0;
			defaultConfigurationName = Release;
		};
		20A332D223F353DF0076CA4B /* Build configuration list for PBXNativeTarget "MVVMTemplate" */ = {
			isa = XCConfigurationList;
			buildConfigurations = (
				20A332D323F353DF0076CA4B /* DEV */,
				20A332D423F353DF0076CA4B /* UAT */,
				207D14FC252A78EC0042B4FC /* Release */,
			);
			defaultConfigurationIsVisible = 0;
			defaultConfigurationName = Release;
		};
		20A332D523F353DF0076CA4B /* Build configuration list for PBXNativeTarget "MVVMTemplateTests" */ = {
			isa = XCConfigurationList;
			buildConfigurations = (
				20A332D623F353DF0076CA4B /* DEV */,
				20A332D723F353DF0076CA4B /* UAT */,
				207D14FD252A78EC0042B4FC /* Release */,
			);
			defaultConfigurationIsVisible = 0;
			defaultConfigurationName = Release;
		};
		20A332D823F353DF0076CA4B /* Build configuration list for PBXNativeTarget "MVVMTemplateUITests" */ = {
			isa = XCConfigurationList;
			buildConfigurations = (
				20A332D923F353DF0076CA4B /* DEV */,
				20A332DA23F353DF0076CA4B /* UAT */,
				207D14FE252A78EC0042B4FC /* Release */,
			);
			defaultConfigurationIsVisible = 0;
			defaultConfigurationName = Release;
		};
/* End XCConfigurationList section */
	};
	rootObject = 20A332A023F353CF0076CA4B /* Project object */;
}
